
Microsoft Visual Studio Solution File, Format Version 12.00
# Visual Studio Version 16
VisualStudioVersion = 16.0.30907.101
MinimumVisualStudioVersion = 10.0.40219.1
Project("{2150E333-8FDC-42A3-9474-1A3956D46DE8}") = "Solution Items", "Solution Items", "{03010183-A1EA-4AB4-81F5-29465C7BB12C}"
	ProjectSection(SolutionItems) = preProject
		README.md = README.md
		SolutionInfo.cs = SolutionInfo.cs
	EndProjectSection
EndProject
Project("{FAE04EC0-301F-11D3-BF4B-00C04F79EFBC}") = "WreckaStow", "src\WreckaStow\WreckaStow.csproj", "{F4F6FC3A-E0E7-4B69-9B99-ABDC991F9725}"
EndProject
Project("{FAE04EC0-301F-11D3-BF4B-00C04F79EFBC}") = "WreckaStow.Specs", "src\WreckaStow.Specs\WreckaStow.Specs.csproj", "{2DD7DE69-6F68-40EC-9806-915E72186F8E}"
EndProject
Global
	GlobalSection(SolutionConfigurationPlatforms) = preSolution
		Debug|Any CPU = Debug|Any CPU
		Release|Any CPU = Release|Any CPU
	EndGlobalSection
	GlobalSection(ProjectConfigurationPlatforms) = postSolution
		{F4F6FC3A-E0E7-4B69-9B99-ABDC991F9725}.Debug|Any CPU.ActiveCfg = Debug|Any CPU
		{F4F6FC3A-E0E7-4B69-9B99-ABDC991F9725}.Debug|Any CPU.Build.0 = Debug|Any CPU
		{F4F6FC3A-E0E7-4B69-9B99-ABDC991F9725}.Release|Any CPU.ActiveCfg = Release|Any CPU
		{F4F6FC3A-E0E7-4B69-9B99-ABDC991F9725}.Release|Any CPU.Build.0 = Release|Any CPU
		{2DD7DE69-6F68-40EC-9806-915E72186F8E}.Debug|Any CPU.ActiveCfg = Debug|Any CPU
		{2DD7DE69-6F68-40EC-9806-915E72186F8E}.Debug|Any CPU.Build.0 = Debug|Any CPU
		{2DD7DE69-6F68-40EC-9806-915E72186F8E}.Release|Any CPU.ActiveCfg = Release|Any CPU
		{2DD7DE69-6F68-40EC-9806-915E72186F8E}.Release|Any CPU.Build.0 = Release|Any CPU
	EndGlobalSection
	GlobalSection(SolutionProperties) = preSolution
		HideSolutionNode = FALSE
	EndGlobalSection
	GlobalSection(ExtensibilityGlobals) = postSolution
		SolutionGuid = {FEEB61F5-E85B-4C22-A2EE-7AD4D4BC9FBC}
	EndGlobalSection
EndGlobal
